PODS:
  - Apple-Cocoapod-KochavaCore (7.6.0)
  - Apple-Cocoapod-KochavaTracker (7.6.0):
    - Apple-Cocoapod-KochavaCore (~> 7.6.0)
  - MetricsReporter (2.0.0):
    - RSCrashReporter (= 1.0.1)
    - RudderKit (= 1.4.0)
  - RSCrashReporter (1.0.1)
  - Rudder (1.29.1):
    - MetricsReporter (= 2.0.0)
  - Rudder-Kochava (1.0.1):
    - Apple-Cocoapod-KochavaTracker (~> 7.6.0)
    - Rudder (~> 1.29)
  - RudderKit (1.4.0)

DEPENDENCIES:
  - Rudder-Kochava (from `../`)

SPEC REPOS:
  https://github.com/CocoaPods/Specs.git:
    - Apple-Cocoapod-KochavaCore
    - Apple-Cocoapod-KochavaTracker
    - MetricsReporter
    - RSCrashReporter
    - Rudder
    - RudderKit

EXTERNAL SOURCES:
  Rudder-Kochava:
    :path: "../"

SPEC CHECKSUMS:
  Apple-Cocoapod-KochavaCore: b28f817d162ff95e913d29c228df7a58a90e1c02
  Apple-Cocoapod-KochavaTracker: f9bf2ec1be118512f747e2350f4355a54994e246
  MetricsReporter: 364b98791e868b10e9d512eb50af28d8c11e5cdb
  RSCrashReporter: 6b8376ac729b0289ebe0908553e5f56d8171f313
  Rudder: 731095848aee39d27ff5d0e78233aa5ad8febb0b
  Rudder-Kochava: ff983c50a8471fa8e5cea4ae965002d30b61989e
  RudderKit: f272f9872183946452ac94cd7bb2244a71e6ca8f

PODFILE CHECKSUM: b9767e75daaa64be73100bf7d4eddbf57e456a6d

COCOAPODS: 1.15.2
