PODS:
  - Apple-Cocoapod-KochavaCore (7.1.0)
  - Apple-Cocoapod-KochavaTracker (7.1.0):
    - Apple-Cocoapod-KochavaCore (~> 7.1.0)
  - Rudder (1.14.0)
  - Rudder-Kochava (1.0.1):
    - Apple-Cocoapod-KochavaTracker (~> 7.1)
    - Rudder (~> 1.12)

DEPENDENCIES:
  - Rudder-Kochava (from `../`)

SPEC REPOS:
  https://github.com/CocoaPods/Specs.git:
    - Apple-Cocoapod-KochavaCore
    - Apple-Cocoapod-KochavaTracker
    - Rudder

EXTERNAL SOURCES:
  Rudder-Kochava:
    :path: "../"

SPEC CHECKSUMS:
  Apple-Cocoapod-KochavaCore: b3ccbda07f1ac6480222d2379c13feb907cb488e
  Apple-Cocoapod-KochavaTracker: ee5374b5d9ecd632d2ce52314c88e07d92c27195
  Rudder: 41523d90e7f8040605ca6a803f662a538144c90f
  Rudder-Kochava: da4dfe49358cebf69f74b6531d9a40082ae4530d

PODFILE CHECKSUM: b9767e75daaa64be73100bf7d4eddbf57e456a6d

COCOAPODS: 1.12.0
