PODS:
  - KochavaAdNetworkiOS (5.1.0):
    - KochavaTrackeriOS (~> 5.1.0)
  - KochavaCoreiOS (5.1.0)
  - KochavaTrackeriOS (5.1.0):
    - KochavaCoreiOS (~> 5.1.0)
  - Rudder (1.5.2)
  - Rudder-Kochava (1.0.0):
    - KochavaAdNetworkiOS (= 5.1.0)
    - KochavaTrackeriOS (= 5.1.0)
    - Rudder (~> 1.0)

DEPENDENCIES:
  - Rudder-Kochava (from `../`)

SPEC REPOS:
  trunk:
    - KochavaAdNetworkiOS
    - KochavaCoreiOS
    - KochavaTrackeriOS
    - Rudder

EXTERNAL SOURCES:
  Rudder-Kochava:
    :path: "../"

SPEC CHECKSUMS:
  KochavaAdNetworkiOS: 52421f2726710d2a70ad7aac11fbbdb135967b44
  KochavaCoreiOS: 73320147501bf1c00ff88e8c18a3ad4b0587ca24
  KochavaTrackeriOS: a325048a3c79d44bde252c42b82f16bbf3686dea
  Rudder: 557cc105d77f365821d78403b1abacfd2e3018de
  Rudder-Kochava: 28d5c48368e13e5b3d9c1671e3e57d5bd71a4252

PODFILE CHECKSUM: 541019898295418e450b064c3187a6848a46a318

COCOAPODS: 1.11.2
